
Microsoft Visual Studio Solution File, Format Version 12.00
# Visual Studio Version 16
VisualStudioVersion = 16.0.31112.23
MinimumVisualStudioVersion = 10.0.40219.1
Project("{888888A0-9F3D-457C-B088-3A5042F75D52}") = "Shapes", "Shapes\Shapes.pyproj", "{E5D46A63-B075-4452-99C6-1F2D7BD50922}"
EndProject
Global
	GlobalSection(SolutionConfigurationPlatforms) = preSolution
		Debug|Any CPU = Debug|Any CPU
		Release|Any CPU = Release|Any CPU
	EndGlobalSection
	GlobalSection(ProjectConfigurationPlatforms) = postSolution
		{E5D46A63-B075-4452-99C6-1F2D7BD50922}.Debug|Any CPU.ActiveCfg = Debug|Any CPU
		{E5D46A63-B075-4452-99C6-1F2D7BD50922}.Release|Any CPU.ActiveCfg = Release|Any CPU
	EndGlobalSection
	GlobalSection(SolutionProperties) = preSolution
		HideSolutionNode = FALSE
	EndGlobalSection
	GlobalSection(ExtensibilityGlobals) = postSolution
		SolutionGuid = {D7A1348F-0C6F-4348-983D-1D38F1205F12}
	EndGlobalSection
EndGlobal
